
Microsoft Visual Studio Solution File, Format Version 12.00
# Visual Studio Version 16
VisualStudioVersion = 16.0.32228.343
MinimumVisualStudioVersion = 10.0.40219.1
Project("{9A19103F-16F7-4668-BE54-9A1E7A4F7556}") = "禁言关键字处理", "禁言关键字处理\禁言关键字处理.csproj", "{E6AAFA94-496A-4705-B4CC-480977D431B5}"
EndProject
Project("{9A19103F-16F7-4668-BE54-9A1E7A4F7556}") = "聚合数据", "聚合数据\聚合数据.csproj", "{57065A39-6339-44A3-8F43-FE8388E0F89C}"
EndProject
Project("{9A19103F-16F7-4668-BE54-9A1E7A4F7556}") = "读取文件转换为实体", "读取文件转换为实体\读取文件转换为实体.csproj", "{55494A28-7659-4B16-A229-231F0DDCF721}"
EndProject
Project("{9A19103F-16F7-4668-BE54-9A1E7A4F7556}") = "递归", "递归\递归.csproj", "{5B91A981-B360-4AB2-8D7C-12736D64A411}"
EndProject
Project("{9A19103F-16F7-4668-BE54-9A1E7A4F7556}") = "PostgreSqlDome", "PostgreSqlDome\PostgreSqlDome.csproj", "{78BB1AD8-6191-4127-B3F9-BC59BF2D7017}"
EndProject
Project("{9A19103F-16F7-4668-BE54-9A1E7A4F7556}") = "NetCoreMVC", "雨季鳄龟交易分享平台\NetCoreMVC.csproj", "{11E0C866-AEE1-4892-B06C-74CECDF34078}"
EndProject
Project("{FAE04EC0-301F-11D3-BF4B-00C04F79EFBC}") = "SMSSendService", "SMSSendService\SMSSendService.csproj", "{0E6387B8-E722-410B-93F7-F55F8B3F1648}"
EndProject
Global
	GlobalSection(SolutionConfigurationPlatforms) = preSolution
		Debug|Any CPU = Debug|Any CPU
		Release|Any CPU = Release|Any CPU
	EndGlobalSection
	GlobalSection(ProjectConfigurationPlatforms) = postSolution
		{E6AAFA94-496A-4705-B4CC-480977D431B5}.Debug|Any CPU.ActiveCfg = Debug|Any CPU
		{E6AAFA94-496A-4705-B4CC-480977D431B5}.Debug|Any CPU.Build.0 = Debug|Any CPU
		{E6AAFA94-496A-4705-B4CC-480977D431B5}.Release|Any CPU.ActiveCfg = Release|Any CPU
		{E6AAFA94-496A-4705-B4CC-480977D431B5}.Release|Any CPU.Build.0 = Release|Any CPU
		{57065A39-6339-44A3-8F43-FE8388E0F89C}.Debug|Any CPU.ActiveCfg = Debug|Any CPU
		{57065A39-6339-44A3-8F43-FE8388E0F89C}.Debug|Any CPU.Build.0 = Debug|Any CPU
		{57065A39-6339-44A3-8F43-FE8388E0F89C}.Release|Any CPU.ActiveCfg = Release|Any CPU
		{57065A39-6339-44A3-8F43-FE8388E0F89C}.Release|Any CPU.Build.0 = Release|Any CPU
		{55494A28-7659-4B16-A229-231F0DDCF721}.Debug|Any CPU.ActiveCfg = Debug|Any CPU
		{55494A28-7659-4B16-A229-231F0DDCF721}.Debug|Any CPU.Build.0 = Debug|Any CPU
		{55494A28-7659-4B16-A229-231F0DDCF721}.Release|Any CPU.ActiveCfg = Release|Any CPU
		{55494A28-7659-4B16-A229-231F0DDCF721}.Release|Any CPU.Build.0 = Release|Any CPU
		{5B91A981-B360-4AB2-8D7C-12736D64A411}.Debug|Any CPU.ActiveCfg = Debug|Any CPU
		{5B91A981-B360-4AB2-8D7C-12736D64A411}.Debug|Any CPU.Build.0 = Debug|Any CPU
		{5B91A981-B360-4AB2-8D7C-12736D64A411}.Release|Any CPU.ActiveCfg = Release|Any CPU
		{5B91A981-B360-4AB2-8D7C-12736D64A411}.Release|Any CPU.Build.0 = Release|Any CPU
		{78BB1AD8-6191-4127-B3F9-BC59BF2D7017}.Debug|Any CPU.ActiveCfg = Debug|Any CPU
		{78BB1AD8-6191-4127-B3F9-BC59BF2D7017}.Debug|Any CPU.Build.0 = Debug|Any CPU
		{78BB1AD8-6191-4127-B3F9-BC59BF2D7017}.Release|Any CPU.ActiveCfg = Release|Any CPU
		{78BB1AD8-6191-4127-B3F9-BC59BF2D7017}.Release|Any CPU.Build.0 = Release|Any CPU
		{11E0C866-AEE1-4892-B06C-74CECDF34078}.Debug|Any CPU.ActiveCfg = Debug|Any CPU
		{11E0C866-AEE1-4892-B06C-74CECDF34078}.Debug|Any CPU.Build.0 = Debug|Any CPU
		{11E0C866-AEE1-4892-B06C-74CECDF34078}.Release|Any CPU.ActiveCfg = Release|Any CPU
		{11E0C866-AEE1-4892-B06C-74CECDF34078}.Release|Any CPU.Build.0 = Release|Any CPU
		{0E6387B8-E722-410B-93F7-F55F8B3F1648}.Debug|Any CPU.ActiveCfg = Debug|Any CPU
		{0E6387B8-E722-410B-93F7-F55F8B3F1648}.Debug|Any CPU.Build.0 = Debug|Any CPU
		{0E6387B8-E722-410B-93F7-F55F8B3F1648}.Release|Any CPU.ActiveCfg = Release|Any CPU
		{0E6387B8-E722-410B-93F7-F55F8B3F1648}.Release|Any CPU.Build.0 = Release|Any CPU
	EndGlobalSection
	GlobalSection(SolutionProperties) = preSolution
		HideSolutionNode = FALSE
	EndGlobalSection
	GlobalSection(ExtensibilityGlobals) = postSolution
		SolutionGuid = {1EF14F90-C343-43AF-B5A4-741C927037BC}
	EndGlobalSection
EndGlobal
